# This file is automatically @generated by Wally.
# It is not intended for manual editing.
registry = "test"

[[package]]
name = "alicesaidhi/jabby"
version = "0.2.3"
dependencies = [
	["jecs", "ukendio/jecs@0.6.1"],
	["pebble", "alicesaidhi/pebble@0.1.2"],
	["vide", "centau/vide@0.3.1"],
]

[[package]]
name = "alicesaidhi/pebble"
version = "0.1.2"
dependencies = [
	["vide", "centau/vide@0.3.1"],
]

[[package]]
name = "centau/vide"
version = "0.3.1"
dependencies = []

[[package]]
name = "davdr/combat-framework"
version = "0.1.0"
dependencies = [
	["jabby", "alicesaidhi/jabby@0.2.3"],
	["jecs", "ukendio/jecs@0.9.0"],
	["lyra", "paradoxum-games/lyra@0.6.0"],
	["replecs", "pepeeltoro41/replecs@0.2.4"],
]

[[package]]
name = "evaera/promise"
version = "4.0.0"
dependencies = []

[[package]]
name = "osyrisrblx/t"
version = "3.1.1"
dependencies = []

[[package]]
name = "paradoxum-games/lyra"
version = "0.6.0"
dependencies = [
	["Promise", "evaera/promise@4.0.0"],
	["t", "osyrisrblx/t@3.1.1"],
]

[[package]]
name = "pepeeltoro41/replecs"
version = "0.2.4"
dependencies = [
	["jecs", "ukendio/jecs@0.9.0"],
]

[[package]]
name = "ukendio/jecs"
version = "0.6.1"
dependencies = []

[[package]]
name = "ukendio/jecs"
version = "0.9.0"
dependencies = []

